
Microsoft Visual Studio Solution File, Format Version 12.00
# Visual Studio Version 17
VisualStudioVersion = 17.14.36221.1 d17.14
MinimumVisualStudioVersion = 10.0.40219.1
Project("{FAE04EC0-301F-11D3-BF4B-00C04F79EFBC}") = "AG.XTabEngine", "AG.XTabEngine.csproj", "{5BE5AAE4-90EE-469E-A0D7-9D5A4F514350}"
EndProject
Project("{FAE04EC0-301F-11D3-BF4B-00C04F79EFBC}") = "AG.XTabEngine.Tests", "..\AG.XTabEngineTests\AG.XTabEngine.Tests.csproj", "{22271655-EA27-49AF-A3E9-9DAB757AF069}"
EndProject
Global
	GlobalSection(SolutionConfigurationPlatforms) = preSolution
		Debug|Any CPU = Debug|Any CPU
		Release|Any CPU = Release|Any CPU
	EndGlobalSection
	GlobalSection(ProjectConfigurationPlatforms) = postSolution
		{5BE5AAE4-90EE-469E-A0D7-9D5A4F514350}.Debug|Any CPU.ActiveCfg = Debug|Any CPU
		{5BE5AAE4-90EE-469E-A0D7-9D5A4F514350}.Debug|Any CPU.Build.0 = Debug|Any CPU
		{5BE5AAE4-90EE-469E-A0D7-9D5A4F514350}.Release|Any CPU.ActiveCfg = Release|Any CPU
		{5BE5AAE4-90EE-469E-A0D7-9D5A4F514350}.Release|Any CPU.Build.0 = Release|Any CPU
		{22271655-EA27-49AF-A3E9-9DAB757AF069}.Debug|Any CPU.ActiveCfg = Debug|Any CPU
		{22271655-EA27-49AF-A3E9-9DAB757AF069}.Debug|Any CPU.Build.0 = Debug|Any CPU
		{22271655-EA27-49AF-A3E9-9DAB757AF069}.Release|Any CPU.ActiveCfg = Release|Any CPU
		{22271655-EA27-49AF-A3E9-9DAB757AF069}.Release|Any CPU.Build.0 = Release|Any CPU
	EndGlobalSection
	GlobalSection(SolutionProperties) = preSolution
		HideSolutionNode = FALSE
	EndGlobalSection
	GlobalSection(ExtensibilityGlobals) = postSolution
		SolutionGuid = {E1D8A462-9061-49E2-BB02-A5BE5806636B}
	EndGlobalSection
EndGlobal
